PODS:
  - Alamofire (5.4.3)
  - Kingfisher (7.3.1)

DEPENDENCIES:
  - Alamofire
  - Kingfisher

SPEC REPOS:
  trunk:
    - Alamofire
    - Kingfisher

SPEC CHECKSUMS:
  Alamofire: e447a2774a40c996748296fa2c55112fdbbc42f9
  Kingfisher: f411ab4902e733fc0c40522920fb5a236d7a7334

PODFILE CHECKSUM: f743d3eab2bba388a38e9c7b2d0ed7b54ecfe3f9

COCOAPODS: 1.11.0
